schema: '2.0'
stages:
  Run reVX with simple plant builder on SIIP:
    cmd: python siip_simple_plant_builder.py
    deps:
    - path: data/naris_rev_wtk_gen_colorado_2007.h5
      md5: 74333dd27b95c4e86c708522423e58fd
      size: 89884332
    - path: data/siip_meta.csv
      md5: bd853fa07fd32faa6556b19b3d1adec2
      size: 116
    - path: data/wtk_coe_2017_cem_v3_wind_conus_multiyear_colorado.csv
      md5: 576de6bce7aa966fe4c70136ccb969a2
      size: 3704336
    - path: siip_simple_plant_builder.py
      md5: c3cfde6607ef88a7d0905d8b6894532d
      size: 893
    outs:
    - path: data/siip_example_simple_plant_builder.h5
      md5: 76752691438562dc9ab0b76c46d0ed3d
      size: 344612
  Convert reVX output to timeseries pointer json:
    cmd: python revx_output_siip.py
    deps:
    - path: data/siip_example_simple_plant_builder.h5
      md5: 76752691438562dc9ab0b76c46d0ed3d
      size: 344612
    - path: revx_output_siip.py
      md5: 1f7a74c5aa146c5a69191bc0dd0f7f17
      size: 3823
    outs:
    - path: data/siip_timeseries.csv
      md5: 4675c319a3f31d49bf9b549c32d81926
      size: 418501
    - path: data/siip_timeseries_metadata.json
      md5: 12f2fd033ea74a8d7708c004e72893e3
      size: 747
  Create powerSystems system:
    cmd: julia --project create_basic_sys.jl
    deps:
    - path: create_basic_sys.jl
      md5: f93e607421060bf1a465aa3213330030
      size: 386
    - path: data/siip_timeseries.csv
      md5: 4675c319a3f31d49bf9b549c32d81926
      size: 418501
    - path: data/siip_timeseries_metadata.json
      md5: 12f2fd033ea74a8d7708c004e72893e3
      size: 747
    outs:
    - path: data/sys.json
      md5: 140a70b87fd58a78f645839fb62ce2e6
      size: 8173
    - path: data/sys_time_series_storage.h5
      md5: 8bde1c39b20ca62d27db2228f27c45f4
      size: 191072
    - path: data/sys_validation_descriptors.json
      md5: d3068e5c3653d4fb15b52eb4771c46e4
      size: 225179
